
Microsoft Visual Studio Solution File, Format Version 12.00
# Visual Studio Version 17
VisualStudioVersion = 17.8.34511.84
MinimumVisualStudioVersion = 10.0.40219.1
Project("{2150E333-8FDC-42A3-9474-1A3956D46DE8}") = "Src", "Src", "{1B925517-A380-47C4-9056-1A84C16E63A6}"
EndProject
Project("{FAE04EC0-301F-11D3-BF4B-00C04F79EFBC}") = "BaseWebApi.Api", "BaseWebApi.Api\BaseWebApi.Api.csproj", "{9205AA1D-BD03-4B6C-B290-FB5E803E9039}"
EndProject
Project("{2150E333-8FDC-42A3-9474-1A3956D46DE8}") = "Documentation", "Documentation", "{E7ABA7BE-2F12-4866-80C6-489B24808EFE}"
	ProjectSection(SolutionItems) = preProject
		..\README.md = ..\README.md
	EndProjectSection
EndProject
Project("{2150E333-8FDC-42A3-9474-1A3956D46DE8}") = "Other Solution Items", "Other Solution Items", "{CA37F8C3-15D0-41DF-B2BE-544540BBD1B5}"
	ProjectSection(SolutionItems) = preProject
		..\.gitignore = ..\.gitignore
	EndProjectSection
EndProject
Project("{2150E333-8FDC-42A3-9474-1A3956D46DE8}") = "Tests", "Tests", "{F8CE565B-20D6-4BAC-8843-AA753822F9BE}"
EndProject
Project("{FAE04EC0-301F-11D3-BF4B-00C04F79EFBC}") = "BaseWebApi.IoC", "BaseWebApi.IoC\BaseWebApi.IoC.csproj", "{59369384-B8A8-4858-BA02-874692881146}"
EndProject
Project("{FAE04EC0-301F-11D3-BF4B-00C04F79EFBC}") = "BaseWebApi.Infrastructure", "BaseWebApi.Infrastructure\BaseWebApi.Infrastructure.csproj", "{110BC77A-C1C2-4012-8767-FD5A2A915337}"
EndProject
Project("{FAE04EC0-301F-11D3-BF4B-00C04F79EFBC}") = "BaseWebApi.Domain", "BaseWebApi.Domain\BaseWebApi.Domain.csproj", "{95AC961E-7719-46BB-BD2B-62466354B4E6}"
EndProject
Project("{FAE04EC0-301F-11D3-BF4B-00C04F79EFBC}") = "BaseWebApi.Application", "BaseWebApi.Application\BaseWebApi.Application.csproj", "{B27AB401-B9C1-48A8-BC58-482C226E6C96}"
EndProject
Project("{FAE04EC0-301F-11D3-BF4B-00C04F79EFBC}") = "BaseWebApi.Shared", "BaseWebApi.Shared\BaseWebApi.Shared.csproj", "{D342E2F9-075F-4620-A2B7-1875218F9A38}"
EndProject
Project("{2150E333-8FDC-42A3-9474-1A3956D46DE8}") = "UnitTests", "UnitTests", "{15F06046-DBCF-463E-8077-64AA9262DC73}"
EndProject
Project("{FAE04EC0-301F-11D3-BF4B-00C04F79EFBC}") = "BaseWebApi.Api.UnitTests", "BaseWebApi.Api.UnitTests\BaseWebApi.Api.UnitTests.csproj", "{03EF4551-194B-4EA5-90EA-DADBAC32EE96}"
EndProject
Project("{FAE04EC0-301F-11D3-BF4B-00C04F79EFBC}") = "BaseWebApi.Application.UnitTests", "BaseWebApi.Application.UnitTests\BaseWebApi.Application.UnitTests.csproj", "{80F69ECD-D642-48DF-852B-E3D493B2177A}"
EndProject
Project("{FAE04EC0-301F-11D3-BF4B-00C04F79EFBC}") = "BaseWebApi.Domain.UnitTests", "BaseWebApi.Domain.UnitTests\BaseWebApi.Domain.UnitTests.csproj", "{5A2CE5E7-91AD-4D43-A552-270AC9F13E55}"
EndProject
Project("{FAE04EC0-301F-11D3-BF4B-00C04F79EFBC}") = "BaseWebApi.Infrastructure.UnitTests", "BaseWebApi.Infrastructure.UnitTests\BaseWebApi.Infrastructure.UnitTests.csproj", "{E65FECFB-D889-4316-A4D4-BA94143D0D67}"
EndProject
Project("{FAE04EC0-301F-11D3-BF4B-00C04F79EFBC}") = "BaseWebApi.Shared.UnitTests", "BaseWebApi.Shared.UnitTests\BaseWebApi.Shared.UnitTests.csproj", "{64ABEC32-1167-4C02-B174-FBE4020C4FE0}"
EndProject
Project("{FAE04EC0-301F-11D3-BF4B-00C04F79EFBC}") = "BaseWebApi.Api.IntegrationTests", "BaseWebApi.Api.IntegrationTests\BaseWebApi.Api.IntegrationTests.csproj", "{EBB73C93-14BA-47EC-9666-29DDD0098499}"
EndProject
Project("{2150E333-8FDC-42A3-9474-1A3956D46DE8}") = "IntegrationTests", "IntegrationTests", "{2797C352-FCFA-4FB8-8F63-C22F52396E04}"
EndProject
Project("{2150E333-8FDC-42A3-9474-1A3956D46DE8}") = "LoadTests", "LoadTests", "{E8900807-B506-4311-B1C3-031F744B1BB0}"
EndProject
Project("{FAE04EC0-301F-11D3-BF4B-00C04F79EFBC}") = "BaseWebApi.IntegrationTests.Support", "BaseWebApi.IntegrationTests.Support\BaseWebApi.IntegrationTests.Support.csproj", "{12FC387C-CCC4-4D75-9FF0-0E6C19AF82D2}"
EndProject
Project("{FAE04EC0-301F-11D3-BF4B-00C04F79EFBC}") = "BaseWebApi.Tests.Support", "BaseWebApi.Tests.Support\BaseWebApi.Tests.Support.csproj", "{D92A68EF-F64A-4C28-B248-2740230A27F6}"
EndProject
Project("{2150E333-8FDC-42A3-9474-1A3956D46DE8}") = "Shared", "Shared", "{54627EDE-2CA9-4839-B365-0CF4B83B5193}"
EndProject
Project("{FAE04EC0-301F-11D3-BF4B-00C04F79EFBC}") = "BaseWebApi.Tests.Builders", "BaseWebApi.Tests.Builders\BaseWebApi.Tests.Builders.csproj", "{E498040A-4377-44BE-866E-18079F202D98}"
EndProject
Global
	GlobalSection(SolutionConfigurationPlatforms) = preSolution
		Debug|Any CPU = Debug|Any CPU
		Release|Any CPU = Release|Any CPU
	EndGlobalSection
	GlobalSection(ProjectConfigurationPlatforms) = postSolution
		{9205AA1D-BD03-4B6C-B290-FB5E803E9039}.Debug|Any CPU.ActiveCfg = Debug|Any CPU
		{9205AA1D-BD03-4B6C-B290-FB5E803E9039}.Debug|Any CPU.Build.0 = Debug|Any CPU
		{9205AA1D-BD03-4B6C-B290-FB5E803E9039}.Release|Any CPU.ActiveCfg = Release|Any CPU
		{9205AA1D-BD03-4B6C-B290-FB5E803E9039}.Release|Any CPU.Build.0 = Release|Any CPU
		{59369384-B8A8-4858-BA02-874692881146}.Debug|Any CPU.ActiveCfg = Debug|Any CPU
		{59369384-B8A8-4858-BA02-874692881146}.Debug|Any CPU.Build.0 = Debug|Any CPU
		{59369384-B8A8-4858-BA02-874692881146}.Release|Any CPU.ActiveCfg = Release|Any CPU
		{59369384-B8A8-4858-BA02-874692881146}.Release|Any CPU.Build.0 = Release|Any CPU
		{110BC77A-C1C2-4012-8767-FD5A2A915337}.Debug|Any CPU.ActiveCfg = Debug|Any CPU
		{110BC77A-C1C2-4012-8767-FD5A2A915337}.Debug|Any CPU.Build.0 = Debug|Any CPU
		{110BC77A-C1C2-4012-8767-FD5A2A915337}.Release|Any CPU.ActiveCfg = Release|Any CPU
		{110BC77A-C1C2-4012-8767-FD5A2A915337}.Release|Any CPU.Build.0 = Release|Any CPU
		{95AC961E-7719-46BB-BD2B-62466354B4E6}.Debug|Any CPU.ActiveCfg = Debug|Any CPU
		{95AC961E-7719-46BB-BD2B-62466354B4E6}.Debug|Any CPU.Build.0 = Debug|Any CPU
		{95AC961E-7719-46BB-BD2B-62466354B4E6}.Release|Any CPU.ActiveCfg = Release|Any CPU
		{95AC961E-7719-46BB-BD2B-62466354B4E6}.Release|Any CPU.Build.0 = Release|Any CPU
		{B27AB401-B9C1-48A8-BC58-482C226E6C96}.Debug|Any CPU.ActiveCfg = Debug|Any CPU
		{B27AB401-B9C1-48A8-BC58-482C226E6C96}.Debug|Any CPU.Build.0 = Debug|Any CPU
		{B27AB401-B9C1-48A8-BC58-482C226E6C96}.Release|Any CPU.ActiveCfg = Release|Any CPU
		{B27AB401-B9C1-48A8-BC58-482C226E6C96}.Release|Any CPU.Build.0 = Release|Any CPU
		{D342E2F9-075F-4620-A2B7-1875218F9A38}.Debug|Any CPU.ActiveCfg = Debug|Any CPU
		{D342E2F9-075F-4620-A2B7-1875218F9A38}.Debug|Any CPU.Build.0 = Debug|Any CPU
		{D342E2F9-075F-4620-A2B7-1875218F9A38}.Release|Any CPU.ActiveCfg = Release|Any CPU
		{D342E2F9-075F-4620-A2B7-1875218F9A38}.Release|Any CPU.Build.0 = Release|Any CPU
		{03EF4551-194B-4EA5-90EA-DADBAC32EE96}.Debug|Any CPU.ActiveCfg = Debug|Any CPU
		{03EF4551-194B-4EA5-90EA-DADBAC32EE96}.Debug|Any CPU.Build.0 = Debug|Any CPU
		{03EF4551-194B-4EA5-90EA-DADBAC32EE96}.Release|Any CPU.ActiveCfg = Release|Any CPU
		{03EF4551-194B-4EA5-90EA-DADBAC32EE96}.Release|Any CPU.Build.0 = Release|Any CPU
		{80F69ECD-D642-48DF-852B-E3D493B2177A}.Debug|Any CPU.ActiveCfg = Debug|Any CPU
		{80F69ECD-D642-48DF-852B-E3D493B2177A}.Debug|Any CPU.Build.0 = Debug|Any CPU
		{80F69ECD-D642-48DF-852B-E3D493B2177A}.Release|Any CPU.ActiveCfg = Release|Any CPU
		{80F69ECD-D642-48DF-852B-E3D493B2177A}.Release|Any CPU.Build.0 = Release|Any CPU
		{5A2CE5E7-91AD-4D43-A552-270AC9F13E55}.Debug|Any CPU.ActiveCfg = Debug|Any CPU
		{5A2CE5E7-91AD-4D43-A552-270AC9F13E55}.Debug|Any CPU.Build.0 = Debug|Any CPU
		{5A2CE5E7-91AD-4D43-A552-270AC9F13E55}.Release|Any CPU.ActiveCfg = Release|Any CPU
		{5A2CE5E7-91AD-4D43-A552-270AC9F13E55}.Release|Any CPU.Build.0 = Release|Any CPU
		{E65FECFB-D889-4316-A4D4-BA94143D0D67}.Debug|Any CPU.ActiveCfg = Debug|Any CPU
		{E65FECFB-D889-4316-A4D4-BA94143D0D67}.Debug|Any CPU.Build.0 = Debug|Any CPU
		{E65FECFB-D889-4316-A4D4-BA94143D0D67}.Release|Any CPU.ActiveCfg = Release|Any CPU
		{E65FECFB-D889-4316-A4D4-BA94143D0D67}.Release|Any CPU.Build.0 = Release|Any CPU
		{64ABEC32-1167-4C02-B174-FBE4020C4FE0}.Debug|Any CPU.ActiveCfg = Debug|Any CPU
		{64ABEC32-1167-4C02-B174-FBE4020C4FE0}.Debug|Any CPU.Build.0 = Debug|Any CPU
		{64ABEC32-1167-4C02-B174-FBE4020C4FE0}.Release|Any CPU.ActiveCfg = Release|Any CPU
		{64ABEC32-1167-4C02-B174-FBE4020C4FE0}.Release|Any CPU.Build.0 = Release|Any CPU
		{EBB73C93-14BA-47EC-9666-29DDD0098499}.Debug|Any CPU.ActiveCfg = Debug|Any CPU
		{EBB73C93-14BA-47EC-9666-29DDD0098499}.Debug|Any CPU.Build.0 = Debug|Any CPU
		{EBB73C93-14BA-47EC-9666-29DDD0098499}.Release|Any CPU.ActiveCfg = Release|Any CPU
		{EBB73C93-14BA-47EC-9666-29DDD0098499}.Release|Any CPU.Build.0 = Release|Any CPU
		{12FC387C-CCC4-4D75-9FF0-0E6C19AF82D2}.Debug|Any CPU.ActiveCfg = Debug|Any CPU
		{12FC387C-CCC4-4D75-9FF0-0E6C19AF82D2}.Debug|Any CPU.Build.0 = Debug|Any CPU
		{12FC387C-CCC4-4D75-9FF0-0E6C19AF82D2}.Release|Any CPU.ActiveCfg = Release|Any CPU
		{12FC387C-CCC4-4D75-9FF0-0E6C19AF82D2}.Release|Any CPU.Build.0 = Release|Any CPU
		{D92A68EF-F64A-4C28-B248-2740230A27F6}.Debug|Any CPU.ActiveCfg = Debug|Any CPU
		{D92A68EF-F64A-4C28-B248-2740230A27F6}.Debug|Any CPU.Build.0 = Debug|Any CPU
		{D92A68EF-F64A-4C28-B248-2740230A27F6}.Release|Any CPU.ActiveCfg = Release|Any CPU
		{D92A68EF-F64A-4C28-B248-2740230A27F6}.Release|Any CPU.Build.0 = Release|Any CPU
		{E498040A-4377-44BE-866E-18079F202D98}.Debug|Any CPU.ActiveCfg = Debug|Any CPU
		{E498040A-4377-44BE-866E-18079F202D98}.Debug|Any CPU.Build.0 = Debug|Any CPU
		{E498040A-4377-44BE-866E-18079F202D98}.Release|Any CPU.ActiveCfg = Release|Any CPU
		{E498040A-4377-44BE-866E-18079F202D98}.Release|Any CPU.Build.0 = Release|Any CPU
	EndGlobalSection
	GlobalSection(SolutionProperties) = preSolution
		HideSolutionNode = FALSE
	EndGlobalSection
	GlobalSection(NestedProjects) = preSolution
		{9205AA1D-BD03-4B6C-B290-FB5E803E9039} = {1B925517-A380-47C4-9056-1A84C16E63A6}
		{59369384-B8A8-4858-BA02-874692881146} = {1B925517-A380-47C4-9056-1A84C16E63A6}
		{110BC77A-C1C2-4012-8767-FD5A2A915337} = {1B925517-A380-47C4-9056-1A84C16E63A6}
		{95AC961E-7719-46BB-BD2B-62466354B4E6} = {1B925517-A380-47C4-9056-1A84C16E63A6}
		{B27AB401-B9C1-48A8-BC58-482C226E6C96} = {1B925517-A380-47C4-9056-1A84C16E63A6}
		{D342E2F9-075F-4620-A2B7-1875218F9A38} = {1B925517-A380-47C4-9056-1A84C16E63A6}
		{15F06046-DBCF-463E-8077-64AA9262DC73} = {F8CE565B-20D6-4BAC-8843-AA753822F9BE}
		{03EF4551-194B-4EA5-90EA-DADBAC32EE96} = {15F06046-DBCF-463E-8077-64AA9262DC73}
		{80F69ECD-D642-48DF-852B-E3D493B2177A} = {15F06046-DBCF-463E-8077-64AA9262DC73}
		{5A2CE5E7-91AD-4D43-A552-270AC9F13E55} = {15F06046-DBCF-463E-8077-64AA9262DC73}
		{E65FECFB-D889-4316-A4D4-BA94143D0D67} = {15F06046-DBCF-463E-8077-64AA9262DC73}
		{64ABEC32-1167-4C02-B174-FBE4020C4FE0} = {15F06046-DBCF-463E-8077-64AA9262DC73}
		{EBB73C93-14BA-47EC-9666-29DDD0098499} = {2797C352-FCFA-4FB8-8F63-C22F52396E04}
		{2797C352-FCFA-4FB8-8F63-C22F52396E04} = {F8CE565B-20D6-4BAC-8843-AA753822F9BE}
		{E8900807-B506-4311-B1C3-031F744B1BB0} = {F8CE565B-20D6-4BAC-8843-AA753822F9BE}
		{12FC387C-CCC4-4D75-9FF0-0E6C19AF82D2} = {2797C352-FCFA-4FB8-8F63-C22F52396E04}
		{D92A68EF-F64A-4C28-B248-2740230A27F6} = {54627EDE-2CA9-4839-B365-0CF4B83B5193}
		{54627EDE-2CA9-4839-B365-0CF4B83B5193} = {F8CE565B-20D6-4BAC-8843-AA753822F9BE}
		{E498040A-4377-44BE-866E-18079F202D98} = {54627EDE-2CA9-4839-B365-0CF4B83B5193}
	EndGlobalSection
	GlobalSection(ExtensibilityGlobals) = postSolution
		SolutionGuid = {2BE50FE4-7F1F-4957-99E9-9413C3E39DB8}
	EndGlobalSection
EndGlobal
